
Microsoft Visual Studio Solution File, Format Version 12.00
# Visual Studio 15
VisualStudioVersion = 15.0.27428.2043
MinimumVisualStudioVersion = 10.0.40219.1
Project("{FAE04EC0-301F-11D3-BF4B-00C04F79EFBC}") = "Angus.ISoft.Boilerplate.Structuremapper", "Angus.ISoft.Boilerplate.Structuremapper/Angus.ISoft.Boilerplate.Structuremapper.csproj", "{DCDA1794-17B3-41BD-B603-EB05A0FDF195}"
EndProject
Global
	GlobalSection(SolutionConfigurationPlatforms) = preSolution
		Debug|Any CPU = Debug|Any CPU
		Release|Any CPU = Release|Any CPU
	EndGlobalSection
	GlobalSection(ProjectConfigurationPlatforms) = postSolution
		{DCDA1794-17B3-41BD-B603-EB05A0FDF195}.Debug|Any CPU.ActiveCfg = Debug|Any CPU
		{DCDA1794-17B3-41BD-B603-EB05A0FDF195}.Debug|Any CPU.Build.0 = Debug|Any CPU
		{DCDA1794-17B3-41BD-B603-EB05A0FDF195}.Release|Any CPU.ActiveCfg = Release|Any CPU
		{DCDA1794-17B3-41BD-B603-EB05A0FDF195}.Release|Any CPU.Build.0 = Release|Any CPU
	EndGlobalSection
	GlobalSection(SolutionProperties) = preSolution
		HideSolutionNode = FALSE
	EndGlobalSection
	GlobalSection(ExtensibilityGlobals) = postSolution
		SolutionGuid = {CBA41BE1-78F7-4049-A1F6-29ADAF306611}
	EndGlobalSection
EndGlobal
